{
  "requires": true,
  "lockfileVersion": 1,
  "dependencies": {
    "ansi-regex": {
      "version": "4.1.0",
      "resolved": "https://registry.npmjs.org/ansi-regex/-/ansi-regex-4.1.0.tgz",
      "integrity": "sha512-1apePfXM1UOSqw0o9IiFAovVz9M5S1Dg+4TrDwfMewQ6p/rmMueb7tWZjQ1rx4Loy1ArBggoqGpfqqdI4rondg==",
      "dev": true
    },
    "emoji-regex": {
      "version": "7.0.3",
      "resolved": "https://registry.npmjs.org/emoji-regex/-/emoji-regex-7.0.3.tgz",
      "integrity": "sha512-CwBLREIQ7LvYFB0WyRvwhq5N5qPhc6PMjD6bYggFlI5YyDgl+0vxq5VHbMOFqLg7hfWzmu8T5Z1QofhmTIhItA==",
      "dev": true
    },
    "escape-string-regexp": {
      "version": "1.0.5",
      "resolved": "https://registry.npmjs.org/escape-string-regexp/-/escape-string-regexp-1.0.5.tgz",
      "integrity": "sha1-G2HAViGQqN/2rjuyzwIAyhMLhtQ=",
      "dev": true
    },
    "esprima": {
      "version": "4.0.1",
      "resolved": "https://registry.npmjs.org/esprima/-/esprima-4.0.1.tgz",
      "integrity": "sha512-eGuFFw7Upda+g4p+QHvnW0RyTX/SVeJBDM/gCtMARO0cLuT2HcEKnTPvhjV6aGeqrCB/sbNop0Kszm0jsaWU4A==",
      "dev": true
    },
    "esprima-extract-comments": {
      "version": "1.1.0",
      "resolved": "https://registry.npmjs.org/esprima-extract-comments/-/esprima-extract-comments-1.1.0.tgz",
      "integrity": "sha512-sBQUnvJwpeE9QnPrxh7dpI/dp67erYG4WXEAreAMoelPRpMR7NWb4YtwRPn9b+H1uLQKl/qS8WYmyaljTpjIsw==",
      "dev": true,
      "requires": {
        "esprima": "^4.0.0"
      }
    },
    "extract-comments": {
      "version": "1.1.0",
      "resolved": "https://registry.npmjs.org/extract-comments/-/extract-comments-1.1.0.tgz",
      "integrity": "sha512-dzbZV2AdSSVW/4E7Ti5hZdHWbA+Z80RJsJhr5uiL10oyjl/gy7/o+HI1HwK4/WSZhlq4SNKU3oUzXlM13Qx02Q==",
      "dev": true,
      "requires": {
        "esprima-extract-comments": "^1.1.0",
        "parse-code-context": "^1.0.0"
      }
    },
    "is-fullwidth-code-point": {
      "version": "2.0.0",
      "resolved": "https://registry.npmjs.org/is-fullwidth-code-point/-/is-fullwidth-code-point-2.0.0.tgz",
      "integrity": "sha1-o7MKXE8ZkYMWeqq5O+764937ZU8=",
      "dev": true
    },
    "parse-code-context": {
      "version": "1.0.0",
      "resolved": "https://registry.npmjs.org/parse-code-context/-/parse-code-context-1.0.0.tgz",
      "integrity": "sha512-OZQaqKaQnR21iqhlnPfVisFjBWjhnMl5J9MgbP8xC+EwoVqbXrq78lp+9Zb3ahmLzrIX5Us/qbvBnaS3hkH6OA==",
      "dev": true
    },
    "prettier": {
      "version": "1.16.4",
      "resolved": "https://registry.npmjs.org/prettier/-/prettier-1.16.4.tgz",
      "integrity": "sha512-ZzWuos7TI5CKUeQAtFd6Zhm2s6EpAD/ZLApIhsF9pRvRtM1RFo61dM/4MSRUA0SuLugA/zgrZD8m0BaY46Og7g==",
      "dev": true
    },
    "prettier-plugin-solidity-refactor": {
      "version": "1.0.0-alpha.14",
      "resolved": "https://registry.npmjs.org/prettier-plugin-solidity-refactor/-/prettier-plugin-solidity-refactor-1.0.0-alpha.14.tgz",
      "integrity": "sha512-jYF5IQbs+SvmiIy5jmNMEXHF+jl7Y4Kc5KlOYPqPY/4A/BPysFSewXdJYLAky+9keaSdQCaAXXHopSzlB8Yf6Q==",
      "dev": true,
      "requires": {
        "emoji-regex": "^7.0.3",
        "escape-string-regexp": "^1.0.5",
        "extract-comments": "^1.1.0",
        "prettier": "^1.15.3",
        "solidity-parser-antlr": "^0.4.0",
        "string-width": "^3.0.0"
      }
    },
    "solidity-parser-antlr": {
      "version": "0.4.2",
      "resolved": "https://registry.npmjs.org/solidity-parser-antlr/-/solidity-parser-antlr-0.4.2.tgz",
      "integrity": "sha512-0OKT2YKZAqPe14HN7Nbo24hjmnyUYh92UjyZG0Zz2rpQhl/w8asX8qHb+ASSXfayQaiW8g9zGIupXEE355tOQQ==",
      "dev": true
    },
    "string-width": {
      "version": "3.1.0",
      "resolved": "https://registry.npmjs.org/string-width/-/string-width-3.1.0.tgz",
      "integrity": "sha512-vafcv6KjVZKSgz06oM/H6GDBrAtz8vdhQakGjFIvNrHA6y3HCF1CInLy+QLq8dTJPQ1b+KDUqDFctkdRW44e1w==",
      "dev": true,
      "requires": {
        "emoji-regex": "^7.0.1",
        "is-fullwidth-code-point": "^2.0.0",
        "strip-ansi": "^5.1.0"
      }
    },
    "strip-ansi": {
      "version": "5.2.0",
      "resolved": "https://registry.npmjs.org/strip-ansi/-/strip-ansi-5.2.0.tgz",
      "integrity": "sha512-DuRs1gKbBqsMKIZlrffwlug8MHkcnpjs5VPmL1PAh+mA30U0DTotfDZ0d2UUsXpPmPmMMJ6W773MaA3J+lbiWA==",
      "dev": true,
      "requires": {
        "ansi-regex": "^4.1.0"
      }
    }
  }
}
